
Microsoft Visual Studio Solution File, Format Version 12.00
# Visual Studio Version 17
VisualStudioVersion = 17.5.33516.290
MinimumVisualStudioVersion = 10.0.40219.1
Project("{FAE04EC0-301F-11D3-BF4B-00C04F79EFBC}") = "TKHT", "TKHT.csproj", "{BA804A57-B9DC-48C6-A368-4F3FB587B47A}"
EndProject
Global
	GlobalSection(SolutionConfigurationPlatforms) = preSolution
		Debug|Any CPU = Debug|Any CPU
		Release|Any CPU = Release|Any CPU
	EndGlobalSection
	GlobalSection(ProjectConfigurationPlatforms) = postSolution
		{BA804A57-B9DC-48C6-A368-4F3FB587B47A}.Debug|Any CPU.ActiveCfg = Debug|Any CPU
		{BA804A57-B9DC-48C6-A368-4F3FB587B47A}.Debug|Any CPU.Build.0 = Debug|Any CPU
		{BA804A57-B9DC-48C6-A368-4F3FB587B47A}.Release|Any CPU.ActiveCfg = Release|Any CPU
		{BA804A57-B9DC-48C6-A368-4F3FB587B47A}.Release|Any CPU.Build.0 = Release|Any CPU
	EndGlobalSection
	GlobalSection(SolutionProperties) = preSolution
		HideSolutionNode = FALSE
	EndGlobalSection
	GlobalSection(ExtensibilityGlobals) = postSolution
		SolutionGuid = {F7CCDF1B-B542-489F-BCC3-FEE717A10ED3}
	EndGlobalSection
EndGlobal
